// !$*UTF8*$!
{
	archiveVersion = 1;
	classes = {
	};
	objectVersion = 46;
	objects = {

/* Begin PBXBuildFile section */
		73639A1C1CEDC2B1005E05CD /* StockSearchCell.m in Sources */ = {isa = PBXBuildFile; fileRef = 736399EE1CEDC2B1005E05CD /* StockSearchCell.m */; };
		73639A1D1CEDC2B1005E05CD /* StockDetailViewController.m in Sources */ = {isa = PBXBuildFile; fileRef = 736399F11CEDC2B1005E05CD /* StockDetailViewController.m */; };
		73639A1E1CEDC2B1005E05CD /* StockSearchController.m in Sources */ = {isa = PBXBuildFile; fileRef = 736399F31CEDC2B1005E05CD /* StockSearchController.m */; };
		73639A1F1CEDC2B1005E05CD /* StockRecord.m in Sources */ = {isa = PBXBuildFile; fileRef = 736399F61CEDC2B1005E05CD /* StockRecord.m */; };
		73639A201CEDC2B1005E05CD /* StockSearchModel.m in Sources */ = {isa = PBXBuildFile; fileRef = 736399F81CEDC2B1005E05CD /* StockSearchModel.m */; };
		73639A211CEDC2B1005E05CD /* StrategyRequest.m in Sources */ = {isa = PBXBuildFile; fileRef = 736399FB1CEDC2B1005E05CD /* StrategyRequest.m */; };
		73639A221CEDC2B1005E05CD /* HandleMethod.m in Sources */ = {isa = PBXBuildFile; fileRef = 736399FF1CEDC2B1005E05CD /* HandleMethod.m */; };
		73639A231CEDC2B1005E05CD /* KLineModel.m in Sources */ = {isa = PBXBuildFile; fileRef = 73639A011CEDC2B1005E05CD /* KLineModel.m */; };
		73639A241CEDC2B1005E05CD /* KLineStockModel.m in Sources */ = {isa = PBXBuildFile; fileRef = 73639A031CEDC2B1005E05CD /* KLineStockModel.m */; };
		73639A251CEDC2B1005E05CD /* SharingTimeModel.m in Sources */ = {isa = PBXBuildFile; fileRef = 73639A051CEDC2B1005E05CD /* SharingTimeModel.m */; };
		73639A261CEDC2B1005E05CD /* StockRequest.m in Sources */ = {isa = PBXBuildFile; fileRef = 73639A071CEDC2B1005E05CD /* StockRequest.m */; };
		73639A271CEDC2B1005E05CD /* TimeHandler.m in Sources */ = {isa = PBXBuildFile; fileRef = 73639A091CEDC2B1005E05CD /* TimeHandler.m */; };
		73639A281CEDC2B1005E05CD /* CurveLine.m in Sources */ = {isa = PBXBuildFile; fileRef = 73639A0C1CEDC2B1005E05CD /* CurveLine.m */; };
		73639A291CEDC2B1005E05CD /* KLine.m in Sources */ = {isa = PBXBuildFile; fileRef = 73639A0E1CEDC2B1005E05CD /* KLine.m */; };
		73639A2A1CEDC2B1005E05CD /* KLineView.m in Sources */ = {isa = PBXBuildFile; fileRef = 73639A101CEDC2B1005E05CD /* KLineView.m */; };
		73639A2B1CEDC2B1005E05CD /* SharingTimeView.m in Sources */ = {isa = PBXBuildFile; fileRef = 73639A121CEDC2B1005E05CD /* SharingTimeView.m */; };
		73639A2C1CEDC2B1005E05CD /* VolumnView.m in Sources */ = {isa = PBXBuildFile; fileRef = 73639A141CEDC2B1005E05CD /* VolumnView.m */; };
		73639A2D1CEDC2B1005E05CD /* StockDetailView.m in Sources */ = {isa = PBXBuildFile; fileRef = 73639A171CEDC2B1005E05CD /* StockDetailView.m */; };
		73639A2E1CEDC2B1005E05CD /* StockSearchingView.m in Sources */ = {isa = PBXBuildFile; fileRef = 73639A191CEDC2B1005E05CD /* StockSearchingView.m */; };
		73639A2F1CEDC2B1005E05CD /* StockSearchView.m in Sources */ = {isa = PBXBuildFile; fileRef = 73639A1B1CEDC2B1005E05CD /* StockSearchView.m */; };
		73639A341CEDC45E005E05CD /* ChooseItemView.m in Sources */ = {isa = PBXBuildFile; fileRef = 73639A311CEDC45E005E05CD /* ChooseItemView.m */; };
		73639A351CEDC45E005E05CD /* DashLine.m in Sources */ = {isa = PBXBuildFile; fileRef = 73639A331CEDC45E005E05CD /* DashLine.m */; };
		73639A381CEDC4E5005E05CD /* HandleString.m in Sources */ = {isa = PBXBuildFile; fileRef = 73639A371CEDC4E5005E05CD /* HandleString.m */; };
		73961D9A1C8DA58B00D193EC /* main.m in Sources */ = {isa = PBXBuildFile; fileRef = 73961D991C8DA58B00D193EC /* main.m */; };
		73961D9D1C8DA58B00D193EC /* AppDelegate.m in Sources */ = {isa = PBXBuildFile; fileRef = 73961D9C1C8DA58B00D193EC /* AppDelegate.m */; };
		73961DA31C8DA58B00D193EC /* Main.storyboard in Resources */ = {isa = PBXBuildFile; fileRef = 73961DA11C8DA58B00D193EC /* Main.storyboard */; };
		73961DA51C8DA58B00D193EC /* Assets.xcassets in Resources */ = {isa = PBXBuildFile; fileRef = 73961DA41C8DA58B00D193EC /* Assets.xcassets */; };
		73961DA81C8DA58B00D193EC /* LaunchScreen.storyboard in Resources */ = {isa = PBXBuildFile; fileRef = 73961DA61C8DA58B00D193EC /* LaunchScreen.storyboard */; };
		CF12324B064B3E3FE64EDD78 /* libPods.a in Frameworks */ = {isa = PBXBuildFile; fileRef = 79E3F99D804488949BA05E8C /* libPods.a */; };
/* End PBXBuildFile section */

/* Begin PBXFileReference section */
		309224F6EAABE7AB3A2A2B08 /* Pods.debug.xcconfig */ = {isa = PBXFileReference; includeInIndex = 1; lastKnownFileType = text.xcconfig; name = Pods.debug.xcconfig; path = "Pods/Target Support Files/Pods/Pods.debug.xcconfig"; sourceTree = "<group>"; };
		4B182CE1D1BC1034C9D01162 /* Pods.release.xcconfig */ = {isa = PBXFileReference; includeInIndex = 1; lastKnownFileType = text.xcconfig; name = Pods.release.xcconfig; path = "Pods/Target Support Files/Pods/Pods.release.xcconfig"; sourceTree = "<group>"; };
		736399ED1CEDC2B1005E05CD /* StockSearchCell.h */ = {isa = PBXFileReference; fileEncoding = 4; lastKnownFileType = sourcecode.c.h; path = StockSearchCell.h; sourceTree = "<group>"; };
		736399EE1CEDC2B1005E05CD /* StockSearchCell.m */ = {isa = PBXFileReference; fileEncoding = 4; lastKnownFileType = sourcecode.c.objc; path = StockSearchCell.m; sourceTree = "<group>"; };
		736399F01CEDC2B1005E05CD /* StockDetailViewController.h */ = {isa = PBXFileReference; fileEncoding = 4; lastKnownFileType = sourcecode.c.h; path = StockDetailViewController.h; sourceTree = "<group>"; };
		736399F11CEDC2B1005E05CD /* StockDetailViewController.m */ = {isa = PBXFileReference; fileEncoding = 4; lastKnownFileType = sourcecode.c.objc; path = StockDetailViewController.m; sourceTree = "<group>"; };
		736399F21CEDC2B1005E05CD /* StockSearchController.h */ = {isa = PBXFileReference; fileEncoding = 4; lastKnownFileType = sourcecode.c.h; path = StockSearchController.h; sourceTree = "<group>"; };
		736399F31CEDC2B1005E05CD /* StockSearchController.m */ = {isa = PBXFileReference; fileEncoding = 4; lastKnownFileType = sourcecode.c.objc; path = StockSearchController.m; sourceTree = "<group>"; };
		736399F51CEDC2B1005E05CD /* StockRecord.h */ = {isa = PBXFileReference; fileEncoding = 4; lastKnownFileType = sourcecode.c.h; path = StockRecord.h; sourceTree = "<group>"; };
		736399F61CEDC2B1005E05CD /* StockRecord.m */ = {isa = PBXFileReference; fileEncoding = 4; lastKnownFileType = sourcecode.c.objc; path = StockRecord.m; sourceTree = "<group>"; };
		736399F71CEDC2B1005E05CD /* StockSearchModel.h */ = {isa = PBXFileReference; fileEncoding = 4; lastKnownFileType = sourcecode.c.h; path = StockSearchModel.h; sourceTree = "<group>"; };
		736399F81CEDC2B1005E05CD /* StockSearchModel.m */ = {isa = PBXFileReference; fileEncoding = 4; lastKnownFileType = sourcecode.c.objc; path = StockSearchModel.m; sourceTree = "<group>"; };
		736399F91CEDC2B1005E05CD /* StockSearchProtocol.h */ = {isa = PBXFileReference; fileEncoding = 4; lastKnownFileType = sourcecode.c.h; path = StockSearchProtocol.h; sourceTree = "<group>"; };
		736399FA1CEDC2B1005E05CD /* StrategyRequest.h */ = {isa = PBXFileReference; fileEncoding = 4; lastKnownFileType = sourcecode.c.h; path = StrategyRequest.h; sourceTree = "<group>"; };
		736399FB1CEDC2B1005E05CD /* StrategyRequest.m */ = {isa = PBXFileReference; fileEncoding = 4; lastKnownFileType = sourcecode.c.objc; path = StrategyRequest.m; sourceTree = "<group>"; };
		736399FE1CEDC2B1005E05CD /* HandleMethod.h */ = {isa = PBXFileReference; fileEncoding = 4; lastKnownFileType = sourcecode.c.h; path = HandleMethod.h; sourceTree = "<group>"; };
		736399FF1CEDC2B1005E05CD /* HandleMethod.m */ = {isa = PBXFileReference; fileEncoding = 4; lastKnownFileType = sourcecode.c.objc; path = HandleMethod.m; sourceTree = "<group>"; };
		73639A001CEDC2B1005E05CD /* KLineModel.h */ = {isa = PBXFileReference; fileEncoding = 4; lastKnownFileType = sourcecode.c.h; path = KLineModel.h; sourceTree = "<group>"; };
		73639A011CEDC2B1005E05CD /* KLineModel.m */ = {isa = PBXFileReference; fileEncoding = 4; lastKnownFileType = sourcecode.c.objc; path = KLineModel.m; sourceTree = "<group>"; };
		73639A021CEDC2B1005E05CD /* KLineStockModel.h */ = {isa = PBXFileReference; fileEncoding = 4; lastKnownFileType = sourcecode.c.h; path = KLineStockModel.h; sourceTree = "<group>"; };
		73639A031CEDC2B1005E05CD /* KLineStockModel.m */ = {isa = PBXFileReference; fileEncoding = 4; lastKnownFileType = sourcecode.c.objc; path = KLineStockModel.m; sourceTree = "<group>"; };
		73639A041CEDC2B1005E05CD /* SharingTimeModel.h */ = {isa = PBXFileReference; fileEncoding = 4; lastKnownFileType = sourcecode.c.h; path = SharingTimeModel.h; sourceTree = "<group>"; };
		73639A051CEDC2B1005E05CD /* SharingTimeModel.m */ = {isa = PBXFileReference; fileEncoding = 4; lastKnownFileType = sourcecode.c.objc; path = SharingTimeModel.m; sourceTree = "<group>"; };
		73639A061CEDC2B1005E05CD /* StockRequest.h */ = {isa = PBXFileReference; fileEncoding = 4; lastKnownFileType = sourcecode.c.h; path = StockRequest.h; sourceTree = "<group>"; };
		73639A071CEDC2B1005E05CD /* StockRequest.m */ = {isa = PBXFileReference; fileEncoding = 4; lastKnownFileType = sourcecode.c.objc; path = StockRequest.m; sourceTree = "<group>"; };
		73639A081CEDC2B1005E05CD /* TimeHandler.h */ = {isa = PBXFileReference; fileEncoding = 4; lastKnownFileType = sourcecode.c.h; path = TimeHandler.h; sourceTree = "<group>"; };
		73639A091CEDC2B1005E05CD /* TimeHandler.m */ = {isa = PBXFileReference; fileEncoding = 4; lastKnownFileType = sourcecode.c.objc; path = TimeHandler.m; sourceTree = "<group>"; };
		73639A0B1CEDC2B1005E05CD /* CurveLine.h */ = {isa = PBXFileReference; fileEncoding = 4; lastKnownFileType = sourcecode.c.h; path = CurveLine.h; sourceTree = "<group>"; };
		73639A0C1CEDC2B1005E05CD /* CurveLine.m */ = {isa = PBXFileReference; fileEncoding = 4; lastKnownFileType = sourcecode.c.objc; path = CurveLine.m; sourceTree = "<group>"; };
		73639A0D1CEDC2B1005E05CD /* KLine.h */ = {isa = PBXFileReference; fileEncoding = 4; lastKnownFileType = sourcecode.c.h; path = KLine.h; sourceTree = "<group>"; };
		73639A0E1CEDC2B1005E05CD /* KLine.m */ = {isa = PBXFileReference; fileEncoding = 4; lastKnownFileType = sourcecode.c.objc; path = KLine.m; sourceTree = "<group>"; };
		73639A0F1CEDC2B1005E05CD /* KLineView.h */ = {isa = PBXFileReference; fileEncoding = 4; lastKnownFileType = sourcecode.c.h; path = KLineView.h; sourceTree = "<group>"; };
		73639A101CEDC2B1005E05CD /* KLineView.m */ = {isa = PBXFileReference; fileEncoding = 4; lastKnownFileType = sourcecode.c.objc; path = KLineView.m; sourceTree = "<group>"; };
		73639A111CEDC2B1005E05CD /* SharingTimeView.h */ = {isa = PBXFileReference; fileEncoding = 4; lastKnownFileType = sourcecode.c.h; path = SharingTimeView.h; sourceTree = "<group>"; };
		73639A121CEDC2B1005E05CD /* SharingTimeView.m */ = {isa = PBXFileReference; fileEncoding = 4; lastKnownFileType = sourcecode.c.objc; path = SharingTimeView.m; sourceTree = "<group>"; };
		73639A131CEDC2B1005E05CD /* VolumnView.h */ = {isa = PBXFileReference; fileEncoding = 4; lastKnownFileType = sourcecode.c.h; path = VolumnView.h; sourceTree = "<group>"; };
		73639A141CEDC2B1005E05CD /* VolumnView.m */ = {isa = PBXFileReference; fileEncoding = 4; lastKnownFileType = sourcecode.c.objc; path = VolumnView.m; sourceTree = "<group>"; };
		73639A161CEDC2B1005E05CD /* StockDetailView.h */ = {isa = PBXFileReference; fileEncoding = 4; lastKnownFileType = sourcecode.c.h; path = StockDetailView.h; sourceTree = "<group>"; };
		73639A171CEDC2B1005E05CD /* StockDetailView.m */ = {isa = PBXFileReference; fileEncoding = 4; lastKnownFileType = sourcecode.c.objc; path = StockDetailView.m; sourceTree = "<group>"; };
		73639A181CEDC2B1005E05CD /* StockSearchingView.h */ = {isa = PBXFileReference; fileEncoding = 4; lastKnownFileType = sourcecode.c.h; path = StockSearchingView.h; sourceTree = "<group>"; };
		73639A191CEDC2B1005E05CD /* StockSearchingView.m */ = {isa = PBXFileReference; fileEncoding = 4; lastKnownFileType = sourcecode.c.objc; path = StockSearchingView.m; sourceTree = "<group>"; };
		73639A1A1CEDC2B1005E05CD /* StockSearchView.h */ = {isa = PBXFileReference; fileEncoding = 4; lastKnownFileType = sourcecode.c.h; path = StockSearchView.h; sourceTree = "<group>"; };
		73639A1B1CEDC2B1005E05CD /* StockSearchView.m */ = {isa = PBXFileReference; fileEncoding = 4; lastKnownFileType = sourcecode.c.objc; path = StockSearchView.m; sourceTree = "<group>"; };
		73639A301CEDC45E005E05CD /* ChooseItemView.h */ = {isa = PBXFileReference; fileEncoding = 4; lastKnownFileType = sourcecode.c.h; path = ChooseItemView.h; sourceTree = "<group>"; };
		73639A311CEDC45E005E05CD /* ChooseItemView.m */ = {isa = PBXFileReference; fileEncoding = 4; lastKnownFileType = sourcecode.c.objc; path = ChooseItemView.m; sourceTree = "<group>"; };
		73639A321CEDC45E005E05CD /* DashLine.h */ = {isa = PBXFileReference; fileEncoding = 4; lastKnownFileType = sourcecode.c.h; path = DashLine.h; sourceTree = "<group>"; };
		73639A331CEDC45E005E05CD /* DashLine.m */ = {isa = PBXFileReference; fileEncoding = 4; lastKnownFileType = sourcecode.c.objc; path = DashLine.m; sourceTree = "<group>"; };
		73639A361CEDC4E5005E05CD /* HandleString.h */ = {isa = PBXFileReference; fileEncoding = 4; lastKnownFileType = sourcecode.c.h; path = HandleString.h; sourceTree = "<group>"; };
		73639A371CEDC4E5005E05CD /* HandleString.m */ = {isa = PBXFileReference; fileEncoding = 4; lastKnownFileType = sourcecode.c.objc; path = HandleString.m; sourceTree = "<group>"; };
		73961D951C8DA58B00D193EC /* Stock.app */ = {isa = PBXFileReference; explicitFileType = wrapper.application; includeInIndex = 0; path = Stock.app; sourceTree = BUILT_PRODUCTS_DIR; };
		73961D991C8DA58B00D193EC /* main.m */ = {isa = PBXFileReference; lastKnownFileType = sourcecode.c.objc; path = main.m; sourceTree = "<group>"; };
		73961D9B1C8DA58B00D193EC /* AppDelegate.h */ = {isa = PBXFileReference; lastKnownFileType = sourcecode.c.h; path = AppDelegate.h; sourceTree = "<group>"; };
		73961D9C1C8DA58B00D193EC /* AppDelegate.m */ = {isa = PBXFileReference; lastKnownFileType = sourcecode.c.objc; path = AppDelegate.m; sourceTree = "<group>"; };
		73961DA21C8DA58B00D193EC /* Base */ = {isa = PBXFileReference; lastKnownFileType = file.storyboard; name = Base; path = Base.lproj/Main.storyboard; sourceTree = "<group>"; };
		73961DA41C8DA58B00D193EC /* Assets.xcassets */ = {isa = PBXFileReference; lastKnownFileType = folder.assetcatalog; path = Assets.xcassets; sourceTree = "<group>"; };
		73961DA71C8DA58B00D193EC /* Base */ = {isa = PBXFileReference; lastKnownFileType = file.storyboard; name = Base; path = Base.lproj/LaunchScreen.storyboard; sourceTree = "<group>"; };
		73961DA91C8DA58B00D193EC /* Info.plist */ = {isa = PBXFileReference; lastKnownFileType = text.plist.xml; path = Info.plist; sourceTree = "<group>"; };
		73DCDE7A1C92B936006E838D /* PrefixHeader.pch */ = {isa = PBXFileReference; lastKnownFileType = sourcecode.c.h; path = PrefixHeader.pch; sourceTree = "<group>"; };
		79E3F99D804488949BA05E8C /* libPods.a */ = {isa = PBXFileReference; explicitFileType = archive.ar; includeInIndex = 0; path = libPods.a; sourceTree = BUILT_PRODUCTS_DIR; };
/* End PBXFileReference section */

/* Begin PBXFrameworksBuildPhase section */
		73961D921C8DA58B00D193EC /* Frameworks */ = {
			isa = PBXFrameworksBuildPhase;
			buildActionMask = 2147483647;
			files = (
				CF12324B064B3E3FE64EDD78 /* libPods.a in Frameworks */,
			);
			runOnlyForDeploymentPostprocessing = 0;
		};
/* End PBXFrameworksBuildPhase section */

/* Begin PBXGroup section */
		1F1F459A2644F13C6B76F656 /* Pods */ = {
			isa = PBXGroup;
			children = (
				309224F6EAABE7AB3A2A2B08 /* Pods.debug.xcconfig */,
				4B182CE1D1BC1034C9D01162 /* Pods.release.xcconfig */,
			);
			name = Pods;
			sourceTree = "<group>";
		};
		736399EB1CEDC2B1005E05CD /* New */ = {
			isa = PBXGroup;
			children = (
				736399EC1CEDC2B1005E05CD /* Cell */,
				736399EF1CEDC2B1005E05CD /* Controller */,
				736399F41CEDC2B1005E05CD /* Model */,
				736399FC1CEDC2B1005E05CD /* Stock */,
				73639A151CEDC2B1005E05CD /* View */,
			);
			path = New;
			sourceTree = "<group>";
		};
		736399EC1CEDC2B1005E05CD /* Cell */ = {
			isa = PBXGroup;
			children = (
				736399ED1CEDC2B1005E05CD /* StockSearchCell.h */,
				736399EE1CEDC2B1005E05CD /* StockSearchCell.m */,
			);
			path = Cell;
			sourceTree = "<group>";
		};
		736399EF1CEDC2B1005E05CD /* Controller */ = {
			isa = PBXGroup;
			children = (
				736399F01CEDC2B1005E05CD /* StockDetailViewController.h */,
				736399F11CEDC2B1005E05CD /* StockDetailViewController.m */,
				736399F21CEDC2B1005E05CD /* StockSearchController.h */,
				736399F31CEDC2B1005E05CD /* StockSearchController.m */,
			);
			path = Controller;
			sourceTree = "<group>";
		};
		736399F41CEDC2B1005E05CD /* Model */ = {
			isa = PBXGroup;
			children = (
				73639A361CEDC4E5005E05CD /* HandleString.h */,
				73639A371CEDC4E5005E05CD /* HandleString.m */,
				736399F51CEDC2B1005E05CD /* StockRecord.h */,
				736399F61CEDC2B1005E05CD /* StockRecord.m */,
				736399F71CEDC2B1005E05CD /* StockSearchModel.h */,
				736399F81CEDC2B1005E05CD /* StockSearchModel.m */,
				736399F91CEDC2B1005E05CD /* StockSearchProtocol.h */,
				736399FA1CEDC2B1005E05CD /* StrategyRequest.h */,
				736399FB1CEDC2B1005E05CD /* StrategyRequest.m */,
			);
			path = Model;
			sourceTree = "<group>";
		};
		736399FC1CEDC2B1005E05CD /* Stock */ = {
			isa = PBXGroup;
			children = (
				736399FD1CEDC2B1005E05CD /* Model */,
				73639A0A1CEDC2B1005E05CD /* View */,
			);
			path = Stock;
			sourceTree = "<group>";
		};
		736399FD1CEDC2B1005E05CD /* Model */ = {
			isa = PBXGroup;
			children = (
				736399FE1CEDC2B1005E05CD /* HandleMethod.h */,
				736399FF1CEDC2B1005E05CD /* HandleMethod.m */,
				73639A001CEDC2B1005E05CD /* KLineModel.h */,
				73639A011CEDC2B1005E05CD /* KLineModel.m */,
				73639A021CEDC2B1005E05CD /* KLineStockModel.h */,
				73639A031CEDC2B1005E05CD /* KLineStockModel.m */,
				73639A041CEDC2B1005E05CD /* SharingTimeModel.h */,
				73639A051CEDC2B1005E05CD /* SharingTimeModel.m */,
				73639A061CEDC2B1005E05CD /* StockRequest.h */,
				73639A071CEDC2B1005E05CD /* StockRequest.m */,
				73639A081CEDC2B1005E05CD /* TimeHandler.h */,
				73639A091CEDC2B1005E05CD /* TimeHandler.m */,
			);
			path = Model;
			sourceTree = "<group>";
		};
		73639A0A1CEDC2B1005E05CD /* View */ = {
			isa = PBXGroup;
			children = (
				73639A0B1CEDC2B1005E05CD /* CurveLine.h */,
				73639A0C1CEDC2B1005E05CD /* CurveLine.m */,
				73639A0D1CEDC2B1005E05CD /* KLine.h */,
				73639A0E1CEDC2B1005E05CD /* KLine.m */,
				73639A0F1CEDC2B1005E05CD /* KLineView.h */,
				73639A101CEDC2B1005E05CD /* KLineView.m */,
				73639A111CEDC2B1005E05CD /* SharingTimeView.h */,
				73639A121CEDC2B1005E05CD /* SharingTimeView.m */,
				73639A131CEDC2B1005E05CD /* VolumnView.h */,
				73639A141CEDC2B1005E05CD /* VolumnView.m */,
			);
			path = View;
			sourceTree = "<group>";
		};
		73639A151CEDC2B1005E05CD /* View */ = {
			isa = PBXGroup;
			children = (
				73639A301CEDC45E005E05CD /* ChooseItemView.h */,
				73639A311CEDC45E005E05CD /* ChooseItemView.m */,
				73639A321CEDC45E005E05CD /* DashLine.h */,
				73639A331CEDC45E005E05CD /* DashLine.m */,
				73639A161CEDC2B1005E05CD /* StockDetailView.h */,
				73639A171CEDC2B1005E05CD /* StockDetailView.m */,
				73639A181CEDC2B1005E05CD /* StockSearchingView.h */,
				73639A191CEDC2B1005E05CD /* StockSearchingView.m */,
				73639A1A1CEDC2B1005E05CD /* StockSearchView.h */,
				73639A1B1CEDC2B1005E05CD /* StockSearchView.m */,
			);
			path = View;
			sourceTree = "<group>";
		};
		73961D8C1C8DA58B00D193EC = {
			isa = PBXGroup;
			children = (
				73961D971C8DA58B00D193EC /* Stock */,
				73961D961C8DA58B00D193EC /* Products */,
				1F1F459A2644F13C6B76F656 /* Pods */,
				D9669CAAE008980757585026 /* Frameworks */,
			);
			sourceTree = "<group>";
		};
		73961D961C8DA58B00D193EC /* Products */ = {
			isa = PBXGroup;
			children = (
				73961D951C8DA58B00D193EC /* Stock.app */,
			);
			name = Products;
			sourceTree = "<group>";
		};
		73961D971C8DA58B00D193EC /* Stock */ = {
			isa = PBXGroup;
			children = (
				736399EB1CEDC2B1005E05CD /* New */,
				73961D9B1C8DA58B00D193EC /* AppDelegate.h */,
				73961D9C1C8DA58B00D193EC /* AppDelegate.m */,
				73961DA11C8DA58B00D193EC /* Main.storyboard */,
				73961DA41C8DA58B00D193EC /* Assets.xcassets */,
				73961DA61C8DA58B00D193EC /* LaunchScreen.storyboard */,
				73961DA91C8DA58B00D193EC /* Info.plist */,
				73961D981C8DA58B00D193EC /* Supporting Files */,
				73DCDE7A1C92B936006E838D /* PrefixHeader.pch */,
			);
			path = Stock;
			sourceTree = "<group>";
		};
		73961D981C8DA58B00D193EC /* Supporting Files */ = {
			isa = PBXGroup;
			children = (
				73961D991C8DA58B00D193EC /* main.m */,
			);
			name = "Supporting Files";
			sourceTree = "<group>";
		};
		D9669CAAE008980757585026 /* Frameworks */ = {
			isa = PBXGroup;
			children = (
				79E3F99D804488949BA05E8C /* libPods.a */,
			);
			name = Frameworks;
			sourceTree = "<group>";
		};
/* End PBXGroup section */

/* Begin PBXNativeTarget section */
		73961D941C8DA58B00D193EC /* Stock */ = {
			isa = PBXNativeTarget;
			buildConfigurationList = 73961DAC1C8DA58B00D193EC /* Build configuration list for PBXNativeTarget "Stock" */;
			buildPhases = (
				83881BCF7D24F1ED844C6039 /* Check Pods Manifest.lock */,
				73961D911C8DA58B00D193EC /* Sources */,
				73961D921C8DA58B00D193EC /* Frameworks */,
				73961D931C8DA58B00D193EC /* Resources */,
				FE7FEC70BBCE1D78ACCC3BB4 /* Copy Pods Resources */,
			);
			buildRules = (
			);
			dependencies = (
			);
			name = Stock;
			productName = Stock;
			productReference = 73961D951C8DA58B00D193EC /* Stock.app */;
			productType = "com.apple.product-type.application";
		};
/* End PBXNativeTarget section */

/* Begin PBXProject section */
		73961D8D1C8DA58B00D193EC /* Project object */ = {
			isa = PBXProject;
			attributes = {
				LastUpgradeCheck = 0720;
				ORGANIZATIONNAME = "季勤强";
				TargetAttributes = {
					73961D941C8DA58B00D193EC = {
						CreatedOnToolsVersion = 7.2;
					};
				};
			};
			buildConfigurationList = 73961D901C8DA58B00D193EC /* Build configuration list for PBXProject "Stock" */;
			compatibilityVersion = "Xcode 3.2";
			developmentRegion = English;
			hasScannedForEncodings = 0;
			knownRegions = (
				en,
				Base,
			);
			mainGroup = 73961D8C1C8DA58B00D193EC;
			productRefGroup = 73961D961C8DA58B00D193EC /* Products */;
			projectDirPath = "";
			projectRoot = "";
			targets = (
				73961D941C8DA58B00D193EC /* Stock */,
			);
		};
/* End PBXProject section */

/* Begin PBXResourcesBuildPhase section */
		73961D931C8DA58B00D193EC /* Resources */ = {
			isa = PBXResourcesBuildPhase;
			buildActionMask = 2147483647;
			files = (
				73961DA81C8DA58B00D193EC /* LaunchScreen.storyboard in Resources */,
				73961DA51C8DA58B00D193EC /* Assets.xcassets in Resources */,
				73961DA31C8DA58B00D193EC /* Main.storyboard in Resources */,
			);
			runOnlyForDeploymentPostprocessing = 0;
		};
/* End PBXResourcesBuildPhase section */

/* Begin PBXShellScriptBuildPhase section */
		83881BCF7D24F1ED844C6039 /* Check Pods Manifest.lock */ = {
			isa = PBXShellScriptBuildPhase;
			buildActionMask = 2147483647;
			files = (
			);
			inputPaths = (
			);
			name = "Check Pods Manifest.lock";
			outputPaths = (
			);
			runOnlyForDeploymentPostprocessing = 0;
			shellPath = /bin/sh;
			shellScript = "diff \"${PODS_ROOT}/../Podfile.lock\" \"${PODS_ROOT}/Manifest.lock\" > /dev/null\nif [[ $? != 0 ]] ; then\n    cat << EOM\nerror: The sandbox is not in sync with the Podfile.lock. Run 'pod install' or update your CocoaPods installation.\nEOM\n    exit 1\nfi\n";
			showEnvVarsInLog = 0;
		};
		FE7FEC70BBCE1D78ACCC3BB4 /* Copy Pods Resources */ = {
			isa = PBXShellScriptBuildPhase;
			buildActionMask = 2147483647;
			files = (
			);
			inputPaths = (
			);
			name = "Copy Pods Resources";
			outputPaths = (
			);
			runOnlyForDeploymentPostprocessing = 0;
			shellPath = /bin/sh;
			shellScript = "\"${SRCROOT}/Pods/Target Support Files/Pods/Pods-resources.sh\"\n";
			showEnvVarsInLog = 0;
		};
/* End PBXShellScriptBuildPhase section */

/* Begin PBXSourcesBuildPhase section */
		73961D911C8DA58B00D193EC /* Sources */ = {
			isa = PBXSourcesBuildPhase;
			buildActionMask = 2147483647;
			files = (
				73639A341CEDC45E005E05CD /* ChooseItemView.m in Sources */,
				73639A261CEDC2B1005E05CD /* StockRequest.m in Sources */,
				73639A2F1CEDC2B1005E05CD /* StockSearchView.m in Sources */,
				73639A211CEDC2B1005E05CD /* StrategyRequest.m in Sources */,
				73639A251CEDC2B1005E05CD /* SharingTimeModel.m in Sources */,
				73639A351CEDC45E005E05CD /* DashLine.m in Sources */,
				73639A271CEDC2B1005E05CD /* TimeHandler.m in Sources */,
				73639A1D1CEDC2B1005E05CD /* StockDetailViewController.m in Sources */,
				73639A291CEDC2B1005E05CD /* KLine.m in Sources */,
				73639A2B1CEDC2B1005E05CD /* SharingTimeView.m in Sources */,
				73639A1C1CEDC2B1005E05CD /* StockSearchCell.m in Sources */,
				73639A1E1CEDC2B1005E05CD /* StockSearchController.m in Sources */,
				73639A2E1CEDC2B1005E05CD /* StockSearchingView.m in Sources */,
				73639A281CEDC2B1005E05CD /* CurveLine.m in Sources */,
				73961D9D1C8DA58B00D193EC /* AppDelegate.m in Sources */,
				73639A2C1CEDC2B1005E05CD /* VolumnView.m in Sources */,
				73639A201CEDC2B1005E05CD /* StockSearchModel.m in Sources */,
				73639A241CEDC2B1005E05CD /* KLineStockModel.m in Sources */,
				73639A2D1CEDC2B1005E05CD /* StockDetailView.m in Sources */,
				73639A221CEDC2B1005E05CD /* HandleMethod.m in Sources */,
				73961D9A1C8DA58B00D193EC /* main.m in Sources */,
				73639A2A1CEDC2B1005E05CD /* KLineView.m in Sources */,
				73639A1F1CEDC2B1005E05CD /* StockRecord.m in Sources */,
				73639A381CEDC4E5005E05CD /* HandleString.m in Sources */,
				73639A231CEDC2B1005E05CD /* KLineModel.m in Sources */,
			);
			runOnlyForDeploymentPostprocessing = 0;
		};
/* End PBXSourcesBuildPhase section */

/* Begin PBXVariantGroup section */
		73961DA11C8DA58B00D193EC /* Main.storyboard */ = {
			isa = PBXVariantGroup;
			children = (
				73961DA21C8DA58B00D193EC /* Base */,
			);
			name = Main.storyboard;
			sourceTree = "<group>";
		};
		73961DA61C8DA58B00D193EC /* LaunchScreen.storyboard */ = {
			isa = PBXVariantGroup;
			children = (
				73961DA71C8DA58B00D193EC /* Base */,
			);
			name = LaunchScreen.storyboard;
			sourceTree = "<group>";
		};
/* End PBXVariantGroup section */

/* Begin XCBuildConfiguration section */
		73961DAA1C8DA58B00D193EC /* Debug */ = {
			isa = XCBuildConfiguration;
			buildSettings = {
				ALWAYS_SEARCH_USER_PATHS = NO;
				CLANG_CXX_LANGUAGE_STANDARD = "gnu++0x";
				CLANG_CXX_LIBRARY = "libc++";
				CLANG_ENABLE_MODULES = YES;
				CLANG_ENABLE_OBJC_ARC = YES;
				CLANG_WARN_BOOL_CONVERSION = YES;
				CLANG_WARN_CONSTANT_CONVERSION = YES;
				CLANG_WARN_DIRECT_OBJC_ISA_USAGE = YES_ERROR;
				CLANG_WARN_EMPTY_BODY = YES;
				CLANG_WARN_ENUM_CONVERSION = YES;
				CLANG_WARN_INT_CONVERSION = YES;
				CLANG_WARN_OBJC_ROOT_CLASS = YES_ERROR;
				CLANG_WARN_UNREACHABLE_CODE = YES;
				CLANG_WARN__DUPLICATE_METHOD_MATCH = YES;
				"CODE_SIGN_IDENTITY[sdk=iphoneos*]" = "iPhone Developer";
				COPY_PHASE_STRIP = NO;
				DEBUG_INFORMATION_FORMAT = dwarf;
				ENABLE_STRICT_OBJC_MSGSEND = YES;
				ENABLE_TESTABILITY = YES;
				GCC_C_LANGUAGE_STANDARD = gnu99;
				GCC_DYNAMIC_NO_PIC = NO;
				GCC_NO_COMMON_BLOCKS = YES;
				GCC_OPTIMIZATION_LEVEL = 0;
				GCC_PREPROCESSOR_DEFINITIONS = (
					"DEBUG=1",
					"$(inherited)",
				);
				GCC_WARN_64_TO_32_BIT_CONVERSION = YES;
				GCC_WARN_ABOUT_RETURN_TYPE = YES_ERROR;
				GCC_WARN_UNDECLARED_SELECTOR = YES;
				GCC_WARN_UNINITIALIZED_AUTOS = YES_AGGRESSIVE;
				GCC_WARN_UNUSED_FUNCTION = YES;
				GCC_WARN_UNUSED_VARIABLE = YES;
				IPHONEOS_DEPLOYMENT_TARGET = 9.2;
				MTL_ENABLE_DEBUG_INFO = YES;
				ONLY_ACTIVE_ARCH = YES;
				SDKROOT = iphoneos;
			};
			name = Debug;
		};
		73961DAB1C8DA58B00D193EC /* Release */ = {
			isa = XCBuildConfiguration;
			buildSettings = {
				ALWAYS_SEARCH_USER_PATHS = NO;
				CLANG_CXX_LANGUAGE_STANDARD = "gnu++0x";
				CLANG_CXX_LIBRARY = "libc++";
				CLANG_ENABLE_MODULES = YES;
				CLANG_ENABLE_OBJC_ARC = YES;
				CLANG_WARN_BOOL_CONVERSION = YES;
				CLANG_WARN_CONSTANT_CONVERSION = YES;
				CLANG_WARN_DIRECT_OBJC_ISA_USAGE = YES_ERROR;
				CLANG_WARN_EMPTY_BODY = YES;
				CLANG_WARN_ENUM_CONVERSION = YES;
				CLANG_WARN_INT_CONVERSION = YES;
				CLANG_WARN_OBJC_ROOT_CLASS = YES_ERROR;
				CLANG_WARN_UNREACHABLE_CODE = YES;
				CLANG_WARN__DUPLICATE_METHOD_MATCH = YES;
				"CODE_SIGN_IDENTITY[sdk=iphoneos*]" = "iPhone Developer";
				COPY_PHASE_STRIP = NO;
				DEBUG_INFORMATION_FORMAT = "dwarf-with-dsym";
				ENABLE_NS_ASSERTIONS = NO;
				ENABLE_STRICT_OBJC_MSGSEND = YES;
				GCC_C_LANGUAGE_STANDARD = gnu99;
				GCC_NO_COMMON_BLOCKS = YES;
				GCC_WARN_64_TO_32_BIT_CONVERSION = YES;
				GCC_WARN_ABOUT_RETURN_TYPE = YES_ERROR;
				GCC_WARN_UNDECLARED_SELECTOR = YES;
				GCC_WARN_UNINITIALIZED_AUTOS = YES_AGGRESSIVE;
				GCC_WARN_UNUSED_FUNCTION = YES;
				GCC_WARN_UNUSED_VARIABLE = YES;
				IPHONEOS_DEPLOYMENT_TARGET = 9.2;
				MTL_ENABLE_DEBUG_INFO = NO;
				SDKROOT = iphoneos;
				VALIDATE_PRODUCT = YES;
			};
			name = Release;
		};
		73961DAD1C8DA58B00D193EC /* Debug */ = {
			isa = XCBuildConfiguration;
			baseConfigurationReference = 309224F6EAABE7AB3A2A2B08 /* Pods.debug.xcconfig */;
			buildSettings = {
				ASSETCATALOG_COMPILER_APPICON_NAME = AppIcon;
				GCC_PREFIX_HEADER = "/Users/jiqinqiang/Desktop/学习/github project/Stock/Stock/PrefixHeader.pch";
				INFOPLIST_FILE = Stock/Info.plist;
				IPHONEOS_DEPLOYMENT_TARGET = 8.1;
				LD_RUNPATH_SEARCH_PATHS = "$(inherited) @executable_path/Frameworks";
				PRODUCT_BUNDLE_IDENTIFIER = com.hdb.Stock;
				PRODUCT_NAME = "$(TARGET_NAME)";
			};
			name = Debug;
		};
		73961DAE1C8DA58B00D193EC /* Release */ = {
			isa = XCBuildConfiguration;
			baseConfigurationReference = 4B182CE1D1BC1034C9D01162 /* Pods.release.xcconfig */;
			buildSettings = {
				ASSETCATALOG_COMPILER_APPICON_NAME = AppIcon;
				GCC_PREFIX_HEADER = "/Users/jiqinqiang/Desktop/学习/github project/Stock/Stock/PrefixHeader.pch";
				INFOPLIST_FILE = Stock/Info.plist;
				IPHONEOS_DEPLOYMENT_TARGET = 8.1;
				LD_RUNPATH_SEARCH_PATHS = "$(inherited) @executable_path/Frameworks";
				PRODUCT_BUNDLE_IDENTIFIER = com.hdb.Stock;
				PRODUCT_NAME = "$(TARGET_NAME)";
			};
			name = Release;
		};
/* End XCBuildConfiguration section */

/* Begin XCConfigurationList section */
		73961D901C8DA58B00D193EC /* Build configuration list for PBXProject "Stock" */ = {
			isa = XCConfigurationList;
			buildConfigurations = (
				73961DAA1C8DA58B00D193EC /* Debug */,
				73961DAB1C8DA58B00D193EC /* Release */,
			);
			defaultConfigurationIsVisible = 0;
			defaultConfigurationName = Release;
		};
		73961DAC1C8DA58B00D193EC /* Build configuration list for PBXNativeTarget "Stock" */ = {
			isa = XCConfigurationList;
			buildConfigurations = (
				73961DAD1C8DA58B00D193EC /* Debug */,
				73961DAE1C8DA58B00D193EC /* Release */,
			);
			defaultConfigurationIsVisible = 0;
			defaultConfigurationName = Release;
		};
/* End XCConfigurationList section */
	};
	rootObject = 73961D8D1C8DA58B00D193EC /* Project object */;
}
