// !$*UTF8*$!
{
	archiveVersion = 1;
	classes = {
	};
	objectVersion = 46;
	objects = {

/* Begin PBXBuildFile section */
		73961D9A1C8DA58B00D193EC /* main.m in Sources */ = {isa = PBXBuildFile; fileRef = 73961D991C8DA58B00D193EC /* main.m */; };
		73961D9D1C8DA58B00D193EC /* AppDelegate.m in Sources */ = {isa = PBXBuildFile; fileRef = 73961D9C1C8DA58B00D193EC /* AppDelegate.m */; };
		73961DA31C8DA58B00D193EC /* Main.storyboard in Resources */ = {isa = PBXBuildFile; fileRef = 73961DA11C8DA58B00D193EC /* Main.storyboard */; };
		73961DA51C8DA58B00D193EC /* Assets.xcassets in Resources */ = {isa = PBXBuildFile; fileRef = 73961DA41C8DA58B00D193EC /* Assets.xcassets */; };
		73961DA81C8DA58B00D193EC /* LaunchScreen.storyboard in Resources */ = {isa = PBXBuildFile; fileRef = 73961DA61C8DA58B00D193EC /* LaunchScreen.storyboard */; };
		73961DD91C8DA69A00D193EC /* SKResponse.m in Sources */ = {isa = PBXBuildFile; fileRef = 73961DD21C8DA69A00D193EC /* SKResponse.m */; };
		73961DDD1C8DAAF200D193EC /* HandleString.m in Sources */ = {isa = PBXBuildFile; fileRef = 73961DDC1C8DAAF200D193EC /* HandleString.m */; };
		73DCDE631C92B8EC006E838D /* MainStockController.m in Sources */ = {isa = PBXBuildFile; fileRef = 73DCDE331C92B8EC006E838D /* MainStockController.m */; };
		73DCDE651C92B8EC006E838D /* StockSearchController.m in Sources */ = {isa = PBXBuildFile; fileRef = 73DCDE371C92B8EC006E838D /* StockSearchController.m */; };
		73DCDE661C92B8EC006E838D /* ViewController.m in Sources */ = {isa = PBXBuildFile; fileRef = 73DCDE391C92B8EC006E838D /* ViewController.m */; };
		73DCDE761C92B8EC006E838D /* MainStockView.m in Sources */ = {isa = PBXBuildFile; fileRef = 73DCDE5C1C92B8EC006E838D /* MainStockView.m */; };
		73DCDE771C92B8EC006E838D /* StockBarView.m in Sources */ = {isa = PBXBuildFile; fileRef = 73DCDE5E1C92B8EC006E838D /* StockBarView.m */; };
		73DCDE781C92B8EC006E838D /* StockScrollView.m in Sources */ = {isa = PBXBuildFile; fileRef = 73DCDE601C92B8EC006E838D /* StockScrollView.m */; };
		73DCDE791C92B8EC006E838D /* StockSearchView.m in Sources */ = {isa = PBXBuildFile; fileRef = 73DCDE621C92B8EC006E838D /* StockSearchView.m */; };
		73DCDE801C92BB68006E838D /* SKService.m in Sources */ = {isa = PBXBuildFile; fileRef = 73DCDE7F1C92BB68006E838D /* SKService.m */; };
		73DCDE831C92BBDB006E838D /* StockSearchModel.m in Sources */ = {isa = PBXBuildFile; fileRef = 73DCDE821C92BBDB006E838D /* StockSearchModel.m */; };
		73DCDE881C92BCDB006E838D /* JQQRequest.m in Sources */ = {isa = PBXBuildFile; fileRef = 73DCDE851C92BCDB006E838D /* JQQRequest.m */; };
		73DCDE891C92BCDB006E838D /* JQQResponse.m in Sources */ = {isa = PBXBuildFile; fileRef = 73DCDE871C92BCDB006E838D /* JQQResponse.m */; };
		73DCDEA91C92BEE7006E838D /* ColorModel.m in Sources */ = {isa = PBXBuildFile; fileRef = 73DCDE8C1C92BEE7006E838D /* ColorModel.m */; };
		73DCDEAA1C92BEE7006E838D /* HandicapModel.m in Sources */ = {isa = PBXBuildFile; fileRef = 73DCDE8E1C92BEE7006E838D /* HandicapModel.m */; };
		73DCDEAB1C92BEE7006E838D /* HandicapView.m in Sources */ = {isa = PBXBuildFile; fileRef = 73DCDE901C92BEE7006E838D /* HandicapView.m */; };
		73DCDEAC1C92BEE7006E838D /* KLine.m in Sources */ = {isa = PBXBuildFile; fileRef = 73DCDE921C92BEE7006E838D /* KLine.m */; };
		73DCDEAD1C92BEE7006E838D /* KLineModel.m in Sources */ = {isa = PBXBuildFile; fileRef = 73DCDE941C92BEE7006E838D /* KLineModel.m */; };
		73DCDEAE1C92BEE7006E838D /* KLinesView.m in Sources */ = {isa = PBXBuildFile; fileRef = 73DCDE961C92BEE7006E838D /* KLinesView.m */; };
		73DCDEAF1C92BEE7006E838D /* KLineView.m in Sources */ = {isa = PBXBuildFile; fileRef = 73DCDE981C92BEE7006E838D /* KLineView.m */; };
		73DCDEB01C92BEE7006E838D /* MoveKLineView.m in Sources */ = {isa = PBXBuildFile; fileRef = 73DCDE9A1C92BEE7006E838D /* MoveKLineView.m */; };
		73DCDEB11C92BEE7006E838D /* SharingPlanModel.m in Sources */ = {isa = PBXBuildFile; fileRef = 73DCDE9C1C92BEE7006E838D /* SharingPlanModel.m */; };
		73DCDEB21C92BEE7006E838D /* SharingPlansLine.m in Sources */ = {isa = PBXBuildFile; fileRef = 73DCDE9E1C92BEE7006E838D /* SharingPlansLine.m */; };
		73DCDEB31C92BEE7006E838D /* SharingPlansModel.m in Sources */ = {isa = PBXBuildFile; fileRef = 73DCDEA01C92BEE7006E838D /* SharingPlansModel.m */; };
		73DCDEB41C92BEE7006E838D /* SharingPlansView.m in Sources */ = {isa = PBXBuildFile; fileRef = 73DCDEA21C92BEE7006E838D /* SharingPlansView.m */; };
		73DCDEB51C92BEE7006E838D /* StockBoxView.m in Sources */ = {isa = PBXBuildFile; fileRef = 73DCDEA41C92BEE7006E838D /* StockBoxView.m */; };
		73DCDEB61C92BEE7006E838D /* StockCommand.m in Sources */ = {isa = PBXBuildFile; fileRef = 73DCDEA61C92BEE7006E838D /* StockCommand.m */; };
		73DCDEB71C92BEE7006E838D /* UIColor+Helper.m in Sources */ = {isa = PBXBuildFile; fileRef = 73DCDEA81C92BEE7006E838D /* UIColor+Helper.m */; };
		CF12324B064B3E3FE64EDD78 /* libPods.a in Frameworks */ = {isa = PBXBuildFile; fileRef = 79E3F99D804488949BA05E8C /* libPods.a */; };
/* End PBXBuildFile section */

/* Begin PBXFileReference section */
		309224F6EAABE7AB3A2A2B08 /* Pods.debug.xcconfig */ = {isa = PBXFileReference; includeInIndex = 1; lastKnownFileType = text.xcconfig; name = Pods.debug.xcconfig; path = "Pods/Target Support Files/Pods/Pods.debug.xcconfig"; sourceTree = "<group>"; };
		4B182CE1D1BC1034C9D01162 /* Pods.release.xcconfig */ = {isa = PBXFileReference; includeInIndex = 1; lastKnownFileType = text.xcconfig; name = Pods.release.xcconfig; path = "Pods/Target Support Files/Pods/Pods.release.xcconfig"; sourceTree = "<group>"; };
		73961D951C8DA58B00D193EC /* Stock.app */ = {isa = PBXFileReference; explicitFileType = wrapper.application; includeInIndex = 0; path = Stock.app; sourceTree = BUILT_PRODUCTS_DIR; };
		73961D991C8DA58B00D193EC /* main.m */ = {isa = PBXFileReference; lastKnownFileType = sourcecode.c.objc; path = main.m; sourceTree = "<group>"; };
		73961D9B1C8DA58B00D193EC /* AppDelegate.h */ = {isa = PBXFileReference; lastKnownFileType = sourcecode.c.h; path = AppDelegate.h; sourceTree = "<group>"; };
		73961D9C1C8DA58B00D193EC /* AppDelegate.m */ = {isa = PBXFileReference; lastKnownFileType = sourcecode.c.objc; path = AppDelegate.m; sourceTree = "<group>"; };
		73961DA21C8DA58B00D193EC /* Base */ = {isa = PBXFileReference; lastKnownFileType = file.storyboard; name = Base; path = Base.lproj/Main.storyboard; sourceTree = "<group>"; };
		73961DA41C8DA58B00D193EC /* Assets.xcassets */ = {isa = PBXFileReference; lastKnownFileType = folder.assetcatalog; path = Assets.xcassets; sourceTree = "<group>"; };
		73961DA71C8DA58B00D193EC /* Base */ = {isa = PBXFileReference; lastKnownFileType = file.storyboard; name = Base; path = Base.lproj/LaunchScreen.storyboard; sourceTree = "<group>"; };
		73961DA91C8DA58B00D193EC /* Info.plist */ = {isa = PBXFileReference; lastKnownFileType = text.plist.xml; path = Info.plist; sourceTree = "<group>"; };
		73961DD11C8DA69A00D193EC /* SKResponse.h */ = {isa = PBXFileReference; fileEncoding = 4; lastKnownFileType = sourcecode.c.h; path = SKResponse.h; sourceTree = "<group>"; };
		73961DD21C8DA69A00D193EC /* SKResponse.m */ = {isa = PBXFileReference; fileEncoding = 4; lastKnownFileType = sourcecode.c.objc; path = SKResponse.m; sourceTree = "<group>"; };
		73961DDB1C8DAAF200D193EC /* HandleString.h */ = {isa = PBXFileReference; fileEncoding = 4; lastKnownFileType = sourcecode.c.h; path = HandleString.h; sourceTree = "<group>"; };
		73961DDC1C8DAAF200D193EC /* HandleString.m */ = {isa = PBXFileReference; fileEncoding = 4; lastKnownFileType = sourcecode.c.objc; path = HandleString.m; sourceTree = "<group>"; };
		73DCDE321C92B8EC006E838D /* MainStockController.h */ = {isa = PBXFileReference; fileEncoding = 4; lastKnownFileType = sourcecode.c.h; path = MainStockController.h; sourceTree = "<group>"; };
		73DCDE331C92B8EC006E838D /* MainStockController.m */ = {isa = PBXFileReference; fileEncoding = 4; lastKnownFileType = sourcecode.c.objc; path = MainStockController.m; sourceTree = "<group>"; };
		73DCDE361C92B8EC006E838D /* StockSearchController.h */ = {isa = PBXFileReference; fileEncoding = 4; lastKnownFileType = sourcecode.c.h; path = StockSearchController.h; sourceTree = "<group>"; };
		73DCDE371C92B8EC006E838D /* StockSearchController.m */ = {isa = PBXFileReference; fileEncoding = 4; lastKnownFileType = sourcecode.c.objc; path = StockSearchController.m; sourceTree = "<group>"; };
		73DCDE381C92B8EC006E838D /* ViewController.h */ = {isa = PBXFileReference; fileEncoding = 4; lastKnownFileType = sourcecode.c.h; path = ViewController.h; sourceTree = "<group>"; };
		73DCDE391C92B8EC006E838D /* ViewController.m */ = {isa = PBXFileReference; fileEncoding = 4; lastKnownFileType = sourcecode.c.objc; path = ViewController.m; sourceTree = "<group>"; };
		73DCDE5B1C92B8EC006E838D /* MainStockView.h */ = {isa = PBXFileReference; fileEncoding = 4; lastKnownFileType = sourcecode.c.h; path = MainStockView.h; sourceTree = "<group>"; };
		73DCDE5C1C92B8EC006E838D /* MainStockView.m */ = {isa = PBXFileReference; fileEncoding = 4; lastKnownFileType = sourcecode.c.objc; path = MainStockView.m; sourceTree = "<group>"; };
		73DCDE5D1C92B8EC006E838D /* StockBarView.h */ = {isa = PBXFileReference; fileEncoding = 4; lastKnownFileType = sourcecode.c.h; path = StockBarView.h; sourceTree = "<group>"; };
		73DCDE5E1C92B8EC006E838D /* StockBarView.m */ = {isa = PBXFileReference; fileEncoding = 4; lastKnownFileType = sourcecode.c.objc; path = StockBarView.m; sourceTree = "<group>"; };
		73DCDE5F1C92B8EC006E838D /* StockScrollView.h */ = {isa = PBXFileReference; fileEncoding = 4; lastKnownFileType = sourcecode.c.h; path = StockScrollView.h; sourceTree = "<group>"; };
		73DCDE601C92B8EC006E838D /* StockScrollView.m */ = {isa = PBXFileReference; fileEncoding = 4; lastKnownFileType = sourcecode.c.objc; path = StockScrollView.m; sourceTree = "<group>"; };
		73DCDE611C92B8EC006E838D /* StockSearchView.h */ = {isa = PBXFileReference; fileEncoding = 4; lastKnownFileType = sourcecode.c.h; path = StockSearchView.h; sourceTree = "<group>"; };
		73DCDE621C92B8EC006E838D /* StockSearchView.m */ = {isa = PBXFileReference; fileEncoding = 4; lastKnownFileType = sourcecode.c.objc; path = StockSearchView.m; sourceTree = "<group>"; };
		73DCDE7A1C92B936006E838D /* PrefixHeader.pch */ = {isa = PBXFileReference; lastKnownFileType = sourcecode.c.h; path = PrefixHeader.pch; sourceTree = "<group>"; };
		73DCDE7E1C92BB68006E838D /* SKService.h */ = {isa = PBXFileReference; fileEncoding = 4; lastKnownFileType = sourcecode.c.h; path = SKService.h; sourceTree = "<group>"; };
		73DCDE7F1C92BB68006E838D /* SKService.m */ = {isa = PBXFileReference; fileEncoding = 4; lastKnownFileType = sourcecode.c.objc; path = SKService.m; sourceTree = "<group>"; };
		73DCDE811C92BBDB006E838D /* StockSearchModel.h */ = {isa = PBXFileReference; fileEncoding = 4; lastKnownFileType = sourcecode.c.h; path = StockSearchModel.h; sourceTree = "<group>"; };
		73DCDE821C92BBDB006E838D /* StockSearchModel.m */ = {isa = PBXFileReference; fileEncoding = 4; lastKnownFileType = sourcecode.c.objc; path = StockSearchModel.m; sourceTree = "<group>"; };
		73DCDE841C92BCDB006E838D /* JQQRequest.h */ = {isa = PBXFileReference; fileEncoding = 4; lastKnownFileType = sourcecode.c.h; path = JQQRequest.h; sourceTree = "<group>"; };
		73DCDE851C92BCDB006E838D /* JQQRequest.m */ = {isa = PBXFileReference; fileEncoding = 4; lastKnownFileType = sourcecode.c.objc; path = JQQRequest.m; sourceTree = "<group>"; };
		73DCDE861C92BCDB006E838D /* JQQResponse.h */ = {isa = PBXFileReference; fileEncoding = 4; lastKnownFileType = sourcecode.c.h; path = JQQResponse.h; sourceTree = "<group>"; };
		73DCDE871C92BCDB006E838D /* JQQResponse.m */ = {isa = PBXFileReference; fileEncoding = 4; lastKnownFileType = sourcecode.c.objc; path = JQQResponse.m; sourceTree = "<group>"; };
		73DCDE8B1C92BEE7006E838D /* ColorModel.h */ = {isa = PBXFileReference; fileEncoding = 4; lastKnownFileType = sourcecode.c.h; path = ColorModel.h; sourceTree = "<group>"; };
		73DCDE8C1C92BEE7006E838D /* ColorModel.m */ = {isa = PBXFileReference; fileEncoding = 4; lastKnownFileType = sourcecode.c.objc; path = ColorModel.m; sourceTree = "<group>"; };
		73DCDE8D1C92BEE7006E838D /* HandicapModel.h */ = {isa = PBXFileReference; fileEncoding = 4; lastKnownFileType = sourcecode.c.h; path = HandicapModel.h; sourceTree = "<group>"; };
		73DCDE8E1C92BEE7006E838D /* HandicapModel.m */ = {isa = PBXFileReference; fileEncoding = 4; lastKnownFileType = sourcecode.c.objc; path = HandicapModel.m; sourceTree = "<group>"; };
		73DCDE8F1C92BEE7006E838D /* HandicapView.h */ = {isa = PBXFileReference; fileEncoding = 4; lastKnownFileType = sourcecode.c.h; path = HandicapView.h; sourceTree = "<group>"; };
		73DCDE901C92BEE7006E838D /* HandicapView.m */ = {isa = PBXFileReference; fileEncoding = 4; lastKnownFileType = sourcecode.c.objc; path = HandicapView.m; sourceTree = "<group>"; };
		73DCDE911C92BEE7006E838D /* KLine.h */ = {isa = PBXFileReference; fileEncoding = 4; lastKnownFileType = sourcecode.c.h; path = KLine.h; sourceTree = "<group>"; };
		73DCDE921C92BEE7006E838D /* KLine.m */ = {isa = PBXFileReference; fileEncoding = 4; lastKnownFileType = sourcecode.c.objc; path = KLine.m; sourceTree = "<group>"; };
		73DCDE931C92BEE7006E838D /* KLineModel.h */ = {isa = PBXFileReference; fileEncoding = 4; lastKnownFileType = sourcecode.c.h; path = KLineModel.h; sourceTree = "<group>"; };
		73DCDE941C92BEE7006E838D /* KLineModel.m */ = {isa = PBXFileReference; fileEncoding = 4; lastKnownFileType = sourcecode.c.objc; path = KLineModel.m; sourceTree = "<group>"; };
		73DCDE951C92BEE7006E838D /* KLinesView.h */ = {isa = PBXFileReference; fileEncoding = 4; lastKnownFileType = sourcecode.c.h; path = KLinesView.h; sourceTree = "<group>"; };
		73DCDE961C92BEE7006E838D /* KLinesView.m */ = {isa = PBXFileReference; fileEncoding = 4; lastKnownFileType = sourcecode.c.objc; path = KLinesView.m; sourceTree = "<group>"; };
		73DCDE971C92BEE7006E838D /* KLineView.h */ = {isa = PBXFileReference; fileEncoding = 4; lastKnownFileType = sourcecode.c.h; path = KLineView.h; sourceTree = "<group>"; };
		73DCDE981C92BEE7006E838D /* KLineView.m */ = {isa = PBXFileReference; fileEncoding = 4; lastKnownFileType = sourcecode.c.objc; path = KLineView.m; sourceTree = "<group>"; };
		73DCDE991C92BEE7006E838D /* MoveKLineView.h */ = {isa = PBXFileReference; fileEncoding = 4; lastKnownFileType = sourcecode.c.h; path = MoveKLineView.h; sourceTree = "<group>"; };
		73DCDE9A1C92BEE7006E838D /* MoveKLineView.m */ = {isa = PBXFileReference; fileEncoding = 4; lastKnownFileType = sourcecode.c.objc; path = MoveKLineView.m; sourceTree = "<group>"; };
		73DCDE9B1C92BEE7006E838D /* SharingPlanModel.h */ = {isa = PBXFileReference; fileEncoding = 4; lastKnownFileType = sourcecode.c.h; path = SharingPlanModel.h; sourceTree = "<group>"; };
		73DCDE9C1C92BEE7006E838D /* SharingPlanModel.m */ = {isa = PBXFileReference; fileEncoding = 4; lastKnownFileType = sourcecode.c.objc; path = SharingPlanModel.m; sourceTree = "<group>"; };
		73DCDE9D1C92BEE7006E838D /* SharingPlansLine.h */ = {isa = PBXFileReference; fileEncoding = 4; lastKnownFileType = sourcecode.c.h; path = SharingPlansLine.h; sourceTree = "<group>"; };
		73DCDE9E1C92BEE7006E838D /* SharingPlansLine.m */ = {isa = PBXFileReference; fileEncoding = 4; lastKnownFileType = sourcecode.c.objc; path = SharingPlansLine.m; sourceTree = "<group>"; };
		73DCDE9F1C92BEE7006E838D /* SharingPlansModel.h */ = {isa = PBXFileReference; fileEncoding = 4; lastKnownFileType = sourcecode.c.h; path = SharingPlansModel.h; sourceTree = "<group>"; };
		73DCDEA01C92BEE7006E838D /* SharingPlansModel.m */ = {isa = PBXFileReference; fileEncoding = 4; lastKnownFileType = sourcecode.c.objc; path = SharingPlansModel.m; sourceTree = "<group>"; };
		73DCDEA11C92BEE7006E838D /* SharingPlansView.h */ = {isa = PBXFileReference; fileEncoding = 4; lastKnownFileType = sourcecode.c.h; path = SharingPlansView.h; sourceTree = "<group>"; };
		73DCDEA21C92BEE7006E838D /* SharingPlansView.m */ = {isa = PBXFileReference; fileEncoding = 4; lastKnownFileType = sourcecode.c.objc; path = SharingPlansView.m; sourceTree = "<group>"; };
		73DCDEA31C92BEE7006E838D /* StockBoxView.h */ = {isa = PBXFileReference; fileEncoding = 4; lastKnownFileType = sourcecode.c.h; path = StockBoxView.h; sourceTree = "<group>"; };
		73DCDEA41C92BEE7006E838D /* StockBoxView.m */ = {isa = PBXFileReference; fileEncoding = 4; lastKnownFileType = sourcecode.c.objc; path = StockBoxView.m; sourceTree = "<group>"; };
		73DCDEA51C92BEE7006E838D /* StockCommand.h */ = {isa = PBXFileReference; fileEncoding = 4; lastKnownFileType = sourcecode.c.h; path = StockCommand.h; sourceTree = "<group>"; };
		73DCDEA61C92BEE7006E838D /* StockCommand.m */ = {isa = PBXFileReference; fileEncoding = 4; lastKnownFileType = sourcecode.c.objc; path = StockCommand.m; sourceTree = "<group>"; };
		73DCDEA71C92BEE7006E838D /* UIColor+Helper.h */ = {isa = PBXFileReference; fileEncoding = 4; lastKnownFileType = sourcecode.c.h; path = "UIColor+Helper.h"; sourceTree = "<group>"; };
		73DCDEA81C92BEE7006E838D /* UIColor+Helper.m */ = {isa = PBXFileReference; fileEncoding = 4; lastKnownFileType = sourcecode.c.objc; path = "UIColor+Helper.m"; sourceTree = "<group>"; };
		79E3F99D804488949BA05E8C /* libPods.a */ = {isa = PBXFileReference; explicitFileType = archive.ar; includeInIndex = 0; path = libPods.a; sourceTree = BUILT_PRODUCTS_DIR; };
/* End PBXFileReference section */

/* Begin PBXFrameworksBuildPhase section */
		73961D921C8DA58B00D193EC /* Frameworks */ = {
			isa = PBXFrameworksBuildPhase;
			buildActionMask = 2147483647;
			files = (
				CF12324B064B3E3FE64EDD78 /* libPods.a in Frameworks */,
			);
			runOnlyForDeploymentPostprocessing = 0;
		};
/* End PBXFrameworksBuildPhase section */

/* Begin PBXGroup section */
		1F1F459A2644F13C6B76F656 /* Pods */ = {
			isa = PBXGroup;
			children = (
				309224F6EAABE7AB3A2A2B08 /* Pods.debug.xcconfig */,
				4B182CE1D1BC1034C9D01162 /* Pods.release.xcconfig */,
			);
			name = Pods;
			sourceTree = "<group>";
		};
		73961D8C1C8DA58B00D193EC = {
			isa = PBXGroup;
			children = (
				73961D971C8DA58B00D193EC /* Stock */,
				73961D961C8DA58B00D193EC /* Products */,
				1F1F459A2644F13C6B76F656 /* Pods */,
				D9669CAAE008980757585026 /* Frameworks */,
			);
			sourceTree = "<group>";
		};
		73961D961C8DA58B00D193EC /* Products */ = {
			isa = PBXGroup;
			children = (
				73961D951C8DA58B00D193EC /* Stock.app */,
			);
			name = Products;
			sourceTree = "<group>";
		};
		73961D971C8DA58B00D193EC /* Stock */ = {
			isa = PBXGroup;
			children = (
				73DCDE8A1C92BEE7006E838D /* Stock */,
				73DCDE311C92B8EC006E838D /* Controller */,
				73DCDE3A1C92B8EC006E838D /* model */,
				73DCDE5A1C92B8EC006E838D /* View */,
				73961DDB1C8DAAF200D193EC /* HandleString.h */,
				73961DDC1C8DAAF200D193EC /* HandleString.m */,
				73961DC81C8DA69A00D193EC /* Networking */,
				73961D9B1C8DA58B00D193EC /* AppDelegate.h */,
				73961D9C1C8DA58B00D193EC /* AppDelegate.m */,
				73961DA11C8DA58B00D193EC /* Main.storyboard */,
				73961DA41C8DA58B00D193EC /* Assets.xcassets */,
				73961DA61C8DA58B00D193EC /* LaunchScreen.storyboard */,
				73961DA91C8DA58B00D193EC /* Info.plist */,
				73961D981C8DA58B00D193EC /* Supporting Files */,
				73DCDE7A1C92B936006E838D /* PrefixHeader.pch */,
			);
			path = Stock;
			sourceTree = "<group>";
		};
		73961D981C8DA58B00D193EC /* Supporting Files */ = {
			isa = PBXGroup;
			children = (
				73961D991C8DA58B00D193EC /* main.m */,
			);
			name = "Supporting Files";
			sourceTree = "<group>";
		};
		73961DC81C8DA69A00D193EC /* Networking */ = {
			isa = PBXGroup;
			children = (
				73DCDE841C92BCDB006E838D /* JQQRequest.h */,
				73DCDE851C92BCDB006E838D /* JQQRequest.m */,
				73DCDE861C92BCDB006E838D /* JQQResponse.h */,
				73DCDE871C92BCDB006E838D /* JQQResponse.m */,
				73DCDE7E1C92BB68006E838D /* SKService.h */,
				73DCDE7F1C92BB68006E838D /* SKService.m */,
				73961DD11C8DA69A00D193EC /* SKResponse.h */,
				73961DD21C8DA69A00D193EC /* SKResponse.m */,
			);
			path = Networking;
			sourceTree = "<group>";
		};
		73DCDE311C92B8EC006E838D /* Controller */ = {
			isa = PBXGroup;
			children = (
				73DCDE321C92B8EC006E838D /* MainStockController.h */,
				73DCDE331C92B8EC006E838D /* MainStockController.m */,
				73DCDE361C92B8EC006E838D /* StockSearchController.h */,
				73DCDE371C92B8EC006E838D /* StockSearchController.m */,
				73DCDE381C92B8EC006E838D /* ViewController.h */,
				73DCDE391C92B8EC006E838D /* ViewController.m */,
			);
			path = Controller;
			sourceTree = "<group>";
		};
		73DCDE3A1C92B8EC006E838D /* model */ = {
			isa = PBXGroup;
			children = (
				73DCDE811C92BBDB006E838D /* StockSearchModel.h */,
				73DCDE821C92BBDB006E838D /* StockSearchModel.m */,
			);
			path = model;
			sourceTree = "<group>";
		};
		73DCDE5A1C92B8EC006E838D /* View */ = {
			isa = PBXGroup;
			children = (
				73DCDE5B1C92B8EC006E838D /* MainStockView.h */,
				73DCDE5C1C92B8EC006E838D /* MainStockView.m */,
				73DCDE5D1C92B8EC006E838D /* StockBarView.h */,
				73DCDE5E1C92B8EC006E838D /* StockBarView.m */,
				73DCDE5F1C92B8EC006E838D /* StockScrollView.h */,
				73DCDE601C92B8EC006E838D /* StockScrollView.m */,
				73DCDE611C92B8EC006E838D /* StockSearchView.h */,
				73DCDE621C92B8EC006E838D /* StockSearchView.m */,
			);
			path = View;
			sourceTree = "<group>";
		};
		73DCDE8A1C92BEE7006E838D /* Stock */ = {
			isa = PBXGroup;
			children = (
				73DCDE8B1C92BEE7006E838D /* ColorModel.h */,
				73DCDE8C1C92BEE7006E838D /* ColorModel.m */,
				73DCDE8D1C92BEE7006E838D /* HandicapModel.h */,
				73DCDE8E1C92BEE7006E838D /* HandicapModel.m */,
				73DCDE8F1C92BEE7006E838D /* HandicapView.h */,
				73DCDE901C92BEE7006E838D /* HandicapView.m */,
				73DCDE911C92BEE7006E838D /* KLine.h */,
				73DCDE921C92BEE7006E838D /* KLine.m */,
				73DCDE931C92BEE7006E838D /* KLineModel.h */,
				73DCDE941C92BEE7006E838D /* KLineModel.m */,
				73DCDE951C92BEE7006E838D /* KLinesView.h */,
				73DCDE961C92BEE7006E838D /* KLinesView.m */,
				73DCDE971C92BEE7006E838D /* KLineView.h */,
				73DCDE981C92BEE7006E838D /* KLineView.m */,
				73DCDE991C92BEE7006E838D /* MoveKLineView.h */,
				73DCDE9A1C92BEE7006E838D /* MoveKLineView.m */,
				73DCDE9B1C92BEE7006E838D /* SharingPlanModel.h */,
				73DCDE9C1C92BEE7006E838D /* SharingPlanModel.m */,
				73DCDE9D1C92BEE7006E838D /* SharingPlansLine.h */,
				73DCDE9E1C92BEE7006E838D /* SharingPlansLine.m */,
				73DCDE9F1C92BEE7006E838D /* SharingPlansModel.h */,
				73DCDEA01C92BEE7006E838D /* SharingPlansModel.m */,
				73DCDEA11C92BEE7006E838D /* SharingPlansView.h */,
				73DCDEA21C92BEE7006E838D /* SharingPlansView.m */,
				73DCDEA31C92BEE7006E838D /* StockBoxView.h */,
				73DCDEA41C92BEE7006E838D /* StockBoxView.m */,
				73DCDEA51C92BEE7006E838D /* StockCommand.h */,
				73DCDEA61C92BEE7006E838D /* StockCommand.m */,
				73DCDEA71C92BEE7006E838D /* UIColor+Helper.h */,
				73DCDEA81C92BEE7006E838D /* UIColor+Helper.m */,
			);
			path = Stock;
			sourceTree = "<group>";
		};
		D9669CAAE008980757585026 /* Frameworks */ = {
			isa = PBXGroup;
			children = (
				79E3F99D804488949BA05E8C /* libPods.a */,
			);
			name = Frameworks;
			sourceTree = "<group>";
		};
/* End PBXGroup section */

/* Begin PBXNativeTarget section */
		73961D941C8DA58B00D193EC /* Stock */ = {
			isa = PBXNativeTarget;
			buildConfigurationList = 73961DAC1C8DA58B00D193EC /* Build configuration list for PBXNativeTarget "Stock" */;
			buildPhases = (
				83881BCF7D24F1ED844C6039 /* Check Pods Manifest.lock */,
				73961D911C8DA58B00D193EC /* Sources */,
				73961D921C8DA58B00D193EC /* Frameworks */,
				73961D931C8DA58B00D193EC /* Resources */,
				FE7FEC70BBCE1D78ACCC3BB4 /* Copy Pods Resources */,
			);
			buildRules = (
			);
			dependencies = (
			);
			name = Stock;
			productName = Stock;
			productReference = 73961D951C8DA58B00D193EC /* Stock.app */;
			productType = "com.apple.product-type.application";
		};
/* End PBXNativeTarget section */

/* Begin PBXProject section */
		73961D8D1C8DA58B00D193EC /* Project object */ = {
			isa = PBXProject;
			attributes = {
				LastUpgradeCheck = 0720;
				ORGANIZATIONNAME = "季勤强";
				TargetAttributes = {
					73961D941C8DA58B00D193EC = {
						CreatedOnToolsVersion = 7.2;
					};
				};
			};
			buildConfigurationList = 73961D901C8DA58B00D193EC /* Build configuration list for PBXProject "Stock" */;
			compatibilityVersion = "Xcode 3.2";
			developmentRegion = English;
			hasScannedForEncodings = 0;
			knownRegions = (
				en,
				Base,
			);
			mainGroup = 73961D8C1C8DA58B00D193EC;
			productRefGroup = 73961D961C8DA58B00D193EC /* Products */;
			projectDirPath = "";
			projectRoot = "";
			targets = (
				73961D941C8DA58B00D193EC /* Stock */,
			);
		};
/* End PBXProject section */

/* Begin PBXResourcesBuildPhase section */
		73961D931C8DA58B00D193EC /* Resources */ = {
			isa = PBXResourcesBuildPhase;
			buildActionMask = 2147483647;
			files = (
				73961DA81C8DA58B00D193EC /* LaunchScreen.storyboard in Resources */,
				73961DA51C8DA58B00D193EC /* Assets.xcassets in Resources */,
				73961DA31C8DA58B00D193EC /* Main.storyboard in Resources */,
			);
			runOnlyForDeploymentPostprocessing = 0;
		};
/* End PBXResourcesBuildPhase section */

/* Begin PBXShellScriptBuildPhase section */
		83881BCF7D24F1ED844C6039 /* Check Pods Manifest.lock */ = {
			isa = PBXShellScriptBuildPhase;
			buildActionMask = 2147483647;
			files = (
			);
			inputPaths = (
			);
			name = "Check Pods Manifest.lock";
			outputPaths = (
			);
			runOnlyForDeploymentPostprocessing = 0;
			shellPath = /bin/sh;
			shellScript = "diff \"${PODS_ROOT}/../Podfile.lock\" \"${PODS_ROOT}/Manifest.lock\" > /dev/null\nif [[ $? != 0 ]] ; then\n    cat << EOM\nerror: The sandbox is not in sync with the Podfile.lock. Run 'pod install' or update your CocoaPods installation.\nEOM\n    exit 1\nfi\n";
			showEnvVarsInLog = 0;
		};
		FE7FEC70BBCE1D78ACCC3BB4 /* Copy Pods Resources */ = {
			isa = PBXShellScriptBuildPhase;
			buildActionMask = 2147483647;
			files = (
			);
			inputPaths = (
			);
			name = "Copy Pods Resources";
			outputPaths = (
			);
			runOnlyForDeploymentPostprocessing = 0;
			shellPath = /bin/sh;
			shellScript = "\"${SRCROOT}/Pods/Target Support Files/Pods/Pods-resources.sh\"\n";
			showEnvVarsInLog = 0;
		};
/* End PBXShellScriptBuildPhase section */

/* Begin PBXSourcesBuildPhase section */
		73961D911C8DA58B00D193EC /* Sources */ = {
			isa = PBXSourcesBuildPhase;
			buildActionMask = 2147483647;
			files = (
				73DCDE831C92BBDB006E838D /* StockSearchModel.m in Sources */,
				73DCDEB41C92BEE7006E838D /* SharingPlansView.m in Sources */,
				73DCDE881C92BCDB006E838D /* JQQRequest.m in Sources */,
				73DCDE661C92B8EC006E838D /* ViewController.m in Sources */,
				73DCDE761C92B8EC006E838D /* MainStockView.m in Sources */,
				73DCDE771C92B8EC006E838D /* StockBarView.m in Sources */,
				73DCDEB11C92BEE7006E838D /* SharingPlanModel.m in Sources */,
				73DCDEB61C92BEE7006E838D /* StockCommand.m in Sources */,
				73DCDE801C92BB68006E838D /* SKService.m in Sources */,
				73DCDEAA1C92BEE7006E838D /* HandicapModel.m in Sources */,
				73DCDE891C92BCDB006E838D /* JQQResponse.m in Sources */,
				73DCDEB71C92BEE7006E838D /* UIColor+Helper.m in Sources */,
				73DCDEA91C92BEE7006E838D /* ColorModel.m in Sources */,
				73DCDE791C92B8EC006E838D /* StockSearchView.m in Sources */,
				73DCDEAB1C92BEE7006E838D /* HandicapView.m in Sources */,
				73DCDEB51C92BEE7006E838D /* StockBoxView.m in Sources */,
				73DCDEB21C92BEE7006E838D /* SharingPlansLine.m in Sources */,
				73DCDE651C92B8EC006E838D /* StockSearchController.m in Sources */,
				73DCDEAF1C92BEE7006E838D /* KLineView.m in Sources */,
				73961DD91C8DA69A00D193EC /* SKResponse.m in Sources */,
				73DCDEAE1C92BEE7006E838D /* KLinesView.m in Sources */,
				73DCDEAC1C92BEE7006E838D /* KLine.m in Sources */,
				73DCDE631C92B8EC006E838D /* MainStockController.m in Sources */,
				73961DDD1C8DAAF200D193EC /* HandleString.m in Sources */,
				73DCDE781C92B8EC006E838D /* StockScrollView.m in Sources */,
				73DCDEB01C92BEE7006E838D /* MoveKLineView.m in Sources */,
				73961D9D1C8DA58B00D193EC /* AppDelegate.m in Sources */,
				73961D9A1C8DA58B00D193EC /* main.m in Sources */,
				73DCDEAD1C92BEE7006E838D /* KLineModel.m in Sources */,
				73DCDEB31C92BEE7006E838D /* SharingPlansModel.m in Sources */,
			);
			runOnlyForDeploymentPostprocessing = 0;
		};
/* End PBXSourcesBuildPhase section */

/* Begin PBXVariantGroup section */
		73961DA11C8DA58B00D193EC /* Main.storyboard */ = {
			isa = PBXVariantGroup;
			children = (
				73961DA21C8DA58B00D193EC /* Base */,
			);
			name = Main.storyboard;
			sourceTree = "<group>";
		};
		73961DA61C8DA58B00D193EC /* LaunchScreen.storyboard */ = {
			isa = PBXVariantGroup;
			children = (
				73961DA71C8DA58B00D193EC /* Base */,
			);
			name = LaunchScreen.storyboard;
			sourceTree = "<group>";
		};
/* End PBXVariantGroup section */

/* Begin XCBuildConfiguration section */
		73961DAA1C8DA58B00D193EC /* Debug */ = {
			isa = XCBuildConfiguration;
			buildSettings = {
				ALWAYS_SEARCH_USER_PATHS = NO;
				CLANG_CXX_LANGUAGE_STANDARD = "gnu++0x";
				CLANG_CXX_LIBRARY = "libc++";
				CLANG_ENABLE_MODULES = YES;
				CLANG_ENABLE_OBJC_ARC = YES;
				CLANG_WARN_BOOL_CONVERSION = YES;
				CLANG_WARN_CONSTANT_CONVERSION = YES;
				CLANG_WARN_DIRECT_OBJC_ISA_USAGE = YES_ERROR;
				CLANG_WARN_EMPTY_BODY = YES;
				CLANG_WARN_ENUM_CONVERSION = YES;
				CLANG_WARN_INT_CONVERSION = YES;
				CLANG_WARN_OBJC_ROOT_CLASS = YES_ERROR;
				CLANG_WARN_UNREACHABLE_CODE = YES;
				CLANG_WARN__DUPLICATE_METHOD_MATCH = YES;
				"CODE_SIGN_IDENTITY[sdk=iphoneos*]" = "iPhone Developer";
				COPY_PHASE_STRIP = NO;
				DEBUG_INFORMATION_FORMAT = dwarf;
				ENABLE_STRICT_OBJC_MSGSEND = YES;
				ENABLE_TESTABILITY = YES;
				GCC_C_LANGUAGE_STANDARD = gnu99;
				GCC_DYNAMIC_NO_PIC = NO;
				GCC_NO_COMMON_BLOCKS = YES;
				GCC_OPTIMIZATION_LEVEL = 0;
				GCC_PREPROCESSOR_DEFINITIONS = (
					"DEBUG=1",
					"$(inherited)",
				);
				GCC_WARN_64_TO_32_BIT_CONVERSION = YES;
				GCC_WARN_ABOUT_RETURN_TYPE = YES_ERROR;
				GCC_WARN_UNDECLARED_SELECTOR = YES;
				GCC_WARN_UNINITIALIZED_AUTOS = YES_AGGRESSIVE;
				GCC_WARN_UNUSED_FUNCTION = YES;
				GCC_WARN_UNUSED_VARIABLE = YES;
				IPHONEOS_DEPLOYMENT_TARGET = 9.2;
				MTL_ENABLE_DEBUG_INFO = YES;
				ONLY_ACTIVE_ARCH = YES;
				SDKROOT = iphoneos;
			};
			name = Debug;
		};
		73961DAB1C8DA58B00D193EC /* Release */ = {
			isa = XCBuildConfiguration;
			buildSettings = {
				ALWAYS_SEARCH_USER_PATHS = NO;
				CLANG_CXX_LANGUAGE_STANDARD = "gnu++0x";
				CLANG_CXX_LIBRARY = "libc++";
				CLANG_ENABLE_MODULES = YES;
				CLANG_ENABLE_OBJC_ARC = YES;
				CLANG_WARN_BOOL_CONVERSION = YES;
				CLANG_WARN_CONSTANT_CONVERSION = YES;
				CLANG_WARN_DIRECT_OBJC_ISA_USAGE = YES_ERROR;
				CLANG_WARN_EMPTY_BODY = YES;
				CLANG_WARN_ENUM_CONVERSION = YES;
				CLANG_WARN_INT_CONVERSION = YES;
				CLANG_WARN_OBJC_ROOT_CLASS = YES_ERROR;
				CLANG_WARN_UNREACHABLE_CODE = YES;
				CLANG_WARN__DUPLICATE_METHOD_MATCH = YES;
				"CODE_SIGN_IDENTITY[sdk=iphoneos*]" = "iPhone Developer";
				COPY_PHASE_STRIP = NO;
				DEBUG_INFORMATION_FORMAT = "dwarf-with-dsym";
				ENABLE_NS_ASSERTIONS = NO;
				ENABLE_STRICT_OBJC_MSGSEND = YES;
				GCC_C_LANGUAGE_STANDARD = gnu99;
				GCC_NO_COMMON_BLOCKS = YES;
				GCC_WARN_64_TO_32_BIT_CONVERSION = YES;
				GCC_WARN_ABOUT_RETURN_TYPE = YES_ERROR;
				GCC_WARN_UNDECLARED_SELECTOR = YES;
				GCC_WARN_UNINITIALIZED_AUTOS = YES_AGGRESSIVE;
				GCC_WARN_UNUSED_FUNCTION = YES;
				GCC_WARN_UNUSED_VARIABLE = YES;
				IPHONEOS_DEPLOYMENT_TARGET = 9.2;
				MTL_ENABLE_DEBUG_INFO = NO;
				SDKROOT = iphoneos;
				VALIDATE_PRODUCT = YES;
			};
			name = Release;
		};
		73961DAD1C8DA58B00D193EC /* Debug */ = {
			isa = XCBuildConfiguration;
			baseConfigurationReference = 309224F6EAABE7AB3A2A2B08 /* Pods.debug.xcconfig */;
			buildSettings = {
				ASSETCATALOG_COMPILER_APPICON_NAME = AppIcon;
				GCC_PREFIX_HEADER = "/Users/jiqinqiang/Desktop/学习/github project/Stock/Stock/PrefixHeader.pch";
				INFOPLIST_FILE = Stock/Info.plist;
				LD_RUNPATH_SEARCH_PATHS = "$(inherited) @executable_path/Frameworks";
				PRODUCT_BUNDLE_IDENTIFIER = com.hdb.Stock;
				PRODUCT_NAME = "$(TARGET_NAME)";
			};
			name = Debug;
		};
		73961DAE1C8DA58B00D193EC /* Release */ = {
			isa = XCBuildConfiguration;
			baseConfigurationReference = 4B182CE1D1BC1034C9D01162 /* Pods.release.xcconfig */;
			buildSettings = {
				ASSETCATALOG_COMPILER_APPICON_NAME = AppIcon;
				GCC_PREFIX_HEADER = "/Users/jiqinqiang/Desktop/学习/github project/Stock/Stock/PrefixHeader.pch";
				INFOPLIST_FILE = Stock/Info.plist;
				LD_RUNPATH_SEARCH_PATHS = "$(inherited) @executable_path/Frameworks";
				PRODUCT_BUNDLE_IDENTIFIER = com.hdb.Stock;
				PRODUCT_NAME = "$(TARGET_NAME)";
			};
			name = Release;
		};
/* End XCBuildConfiguration section */

/* Begin XCConfigurationList section */
		73961D901C8DA58B00D193EC /* Build configuration list for PBXProject "Stock" */ = {
			isa = XCConfigurationList;
			buildConfigurations = (
				73961DAA1C8DA58B00D193EC /* Debug */,
				73961DAB1C8DA58B00D193EC /* Release */,
			);
			defaultConfigurationIsVisible = 0;
			defaultConfigurationName = Release;
		};
		73961DAC1C8DA58B00D193EC /* Build configuration list for PBXNativeTarget "Stock" */ = {
			isa = XCConfigurationList;
			buildConfigurations = (
				73961DAD1C8DA58B00D193EC /* Debug */,
				73961DAE1C8DA58B00D193EC /* Release */,
			);
			defaultConfigurationIsVisible = 0;
			defaultConfigurationName = Release;
		};
/* End XCConfigurationList section */
	};
	rootObject = 73961D8D1C8DA58B00D193EC /* Project object */;
}
